
Microsoft Visual Studio Solution File, Format Version 12.00
# Visual Studio Version 17
VisualStudioVersion = 17.8.34330.188
MinimumVisualStudioVersion = 10.0.40219.1
Project("{FAE04EC0-301F-11D3-BF4B-00C04F79EFBC}") = "LanchesMVC", "LanchesMVC\LanchesMVC.csproj", "{4E93408C-6B04-47B5-8CAE-E60AE6FD67B2}"
EndProject
Global
	GlobalSection(SolutionConfigurationPlatforms) = preSolution
		Debug|Any CPU = Debug|Any CPU
		Release|Any CPU = Release|Any CPU
	EndGlobalSection
	GlobalSection(ProjectConfigurationPlatforms) = postSolution
		{4E93408C-6B04-47B5-8CAE-E60AE6FD67B2}.Debug|Any CPU.ActiveCfg = Debug|Any CPU
		{4E93408C-6B04-47B5-8CAE-E60AE6FD67B2}.Debug|Any CPU.Build.0 = Debug|Any CPU
		{4E93408C-6B04-47B5-8CAE-E60AE6FD67B2}.Release|Any CPU.ActiveCfg = Release|Any CPU
		{4E93408C-6B04-47B5-8CAE-E60AE6FD67B2}.Release|Any CPU.Build.0 = Release|Any CPU
	EndGlobalSection
	GlobalSection(SolutionProperties) = preSolution
		HideSolutionNode = FALSE
	EndGlobalSection
	GlobalSection(ExtensibilityGlobals) = postSolution
		SolutionGuid = {3CC52BB0-20FD-4973-898A-DE7DEA8DDB14}
	EndGlobalSection
EndGlobal
